// !$*UTF8*$!
{
	archiveVersion = 1;
	classes = {
	};
	objectVersion = 48;
	objects = {

/* Begin PBXBuildFile section */
		2806CFFC204D31BB00A7390B /* LFUser.m in Sources */ = {isa = PBXBuildFile; fileRef = 2806CFFB204D31BB00A7390B /* LFUser.m */; };
		281AA461204E546300A4B657 /* UIImage+Extension.m in Sources */ = {isa = PBXBuildFile; fileRef = 281AA45C204E546300A4B657 /* UIImage+Extension.m */; };
		281AA462204E546300A4B657 /* UIImage+GaussianBlur.m in Sources */ = {isa = PBXBuildFile; fileRef = 281AA45D204E546300A4B657 /* UIImage+GaussianBlur.m */; };
		281AA463204E546300A4B657 /* UIView+HZAnimation.m in Sources */ = {isa = PBXBuildFile; fileRef = 281AA45E204E546300A4B657 /* UIView+HZAnimation.m */; };
		281AA466204E61E400A4B657 /* Singleton.m in Sources */ = {isa = PBXBuildFile; fileRef = 281AA465204E61E400A4B657 /* Singleton.m */; };
		281AA46E204E7C0E00A4B657 /* MeMainService.m in Sources */ = {isa = PBXBuildFile; fileRef = 281AA46D204E7C0E00A4B657 /* MeMainService.m */; };
		281AA471204E7CF400A4B657 /* MeMainViewModel.m in Sources */ = {isa = PBXBuildFile; fileRef = 281AA470204E7CF400A4B657 /* MeMainViewModel.m */; };
		281AA475204E7FF300A4B657 /* LFHeadImageUtil.m in Sources */ = {isa = PBXBuildFile; fileRef = 281AA473204E7FF200A4B657 /* LFHeadImageUtil.m */; };
		281AA478204EA73600A4B657 /* MeInfoViewController.m in Sources */ = {isa = PBXBuildFile; fileRef = 281AA477204EA73600A4B657 /* MeInfoViewController.m */; };
		281AA47B204EAB8800A4B657 /* UserIconViewController.m in Sources */ = {isa = PBXBuildFile; fileRef = 281AA47A204EAB8800A4B657 /* UserIconViewController.m */; };
		281AA47F204F8ABB00A4B657 /* DynamicMainViewController.m in Sources */ = {isa = PBXBuildFile; fileRef = 281AA47E204F8ABB00A4B657 /* DynamicMainViewController.m */; };
		281AA490204FB24900A4B657 /* CommentDetailTableViewCell.m in Sources */ = {isa = PBXBuildFile; fileRef = 281AA48C204FB24900A4B657 /* CommentDetailTableViewCell.m */; };
		281AA491204FB24900A4B657 /* CommentDetailViewController.m in Sources */ = {isa = PBXBuildFile; fileRef = 281AA48F204FB24900A4B657 /* CommentDetailViewController.m */; };
		281AA4A72050D21100A4B657 /* libPods-无限轮播图.a in Frameworks */ = {isa = PBXBuildFile; fileRef = 281AA4A62050D21000A4B657 /* libPods-无限轮播图.a */; };
		281AA4A82050D25100A4B657 /* HW3DBannerView.m in Sources */ = {isa = PBXBuildFile; fileRef = 281AA4952050CBA700A4B657 /* HW3DBannerView.m */; };
		281AA4A92050D25100A4B657 /* UIView+Banner.m in Sources */ = {isa = PBXBuildFile; fileRef = 281AA4962050CBA700A4B657 /* UIView+Banner.m */; };
		281AA4AD2050F36A00A4B657 /* AddDynamicViewController.m in Sources */ = {isa = PBXBuildFile; fileRef = 281AA4AC2050F36A00A4B657 /* AddDynamicViewController.m */; };
		283546AA20479ABD00338B40 /* AppDelegate.m in Sources */ = {isa = PBXBuildFile; fileRef = 283546A920479ABD00338B40 /* AppDelegate.m */; };
		283546AD20479ABD00338B40 /* ViewController.m in Sources */ = {isa = PBXBuildFile; fileRef = 283546AC20479ABD00338B40 /* ViewController.m */; };
		283546B020479ABD00338B40 /* Main.storyboard in Resources */ = {isa = PBXBuildFile; fileRef = 283546AE20479ABD00338B40 /* Main.storyboard */; };
		283546B220479ABD00338B40 /* Assets.xcassets in Resources */ = {isa = PBXBuildFile; fileRef = 283546B120479ABD00338B40 /* Assets.xcassets */; };
		283546B520479ABD00338B40 /* LaunchScreen.storyboard in Resources */ = {isa = PBXBuildFile; fileRef = 283546B320479ABD00338B40 /* LaunchScreen.storyboard */; };
		283546B820479ABD00338B40 /* main.m in Sources */ = {isa = PBXBuildFile; fileRef = 283546B720479ABD00338B40 /* main.m */; };
		283546C220479ABD00338B40 /* LFBlogTests.m in Sources */ = {isa = PBXBuildFile; fileRef = 283546C120479ABD00338B40 /* LFBlogTests.m */; };
		283546CD20479ABD00338B40 /* LFBlogUITests.m in Sources */ = {isa = PBXBuildFile; fileRef = 283546CC20479ABD00338B40 /* LFBlogUITests.m */; };
		283546DD2047A1EE00338B40 /* LoginViewController.m in Sources */ = {isa = PBXBuildFile; fileRef = 283546DC2047A1EE00338B40 /* LoginViewController.m */; };
		283546E02047A20100338B40 /* LoginViewModel.m in Sources */ = {isa = PBXBuildFile; fileRef = 283546DF2047A20100338B40 /* LoginViewModel.m */; };
		283546E42047BFB100338B40 /* LoginService.m in Sources */ = {isa = PBXBuildFile; fileRef = 283546E32047BFB100338B40 /* LoginService.m */; };
		283546E82047BFEA00338B40 /* HttpUtil.m in Sources */ = {isa = PBXBuildFile; fileRef = 283546E72047BFEA00338B40 /* HttpUtil.m */; };
		283546ED2047CBA700338B40 /* LFBaseService.m in Sources */ = {isa = PBXBuildFile; fileRef = 283546EC2047CBA700338B40 /* LFBaseService.m */; };
		283546F12047CF9000338B40 /* LFBaseViewModel.m in Sources */ = {isa = PBXBuildFile; fileRef = 283546F02047CF9000338B40 /* LFBaseViewModel.m */; };
		283546F52047FB9B00338B40 /* InformationViewController.m in Sources */ = {isa = PBXBuildFile; fileRef = 283546F42047FB9B00338B40 /* InformationViewController.m */; };
		283546F82047FBBD00338B40 /* InformationViewModel.m in Sources */ = {isa = PBXBuildFile; fileRef = 283546F72047FBBD00338B40 /* InformationViewModel.m */; };
		283546FB2047FC9800338B40 /* InformationService.m in Sources */ = {isa = PBXBuildFile; fileRef = 283546FA2047FC9800338B40 /* InformationService.m */; };
		2886CFD12057CB2C00C699F4 /* NickNameModifyViewController.m in Sources */ = {isa = PBXBuildFile; fileRef = 2886CFD02057CB2C00C699F4 /* NickNameModifyViewController.m */; };
		2886CFD42057F5E600C699F4 /* SexModityViewController.m in Sources */ = {isa = PBXBuildFile; fileRef = 2886CFD32057F5E600C699F4 /* SexModityViewController.m */; };
		28AAD2772048E80200BBA9EC /* PersonalCenterTopView.m in Sources */ = {isa = PBXBuildFile; fileRef = 28AAD26E2048E80100BBA9EC /* PersonalCenterTopView.m */; };
		28AAD2792048E80200BBA9EC /* PersonalCenterChildBaseVC.m in Sources */ = {isa = PBXBuildFile; fileRef = 28AAD2712048E80100BBA9EC /* PersonalCenterChildBaseVC.m */; };
		28AAD27A2048E80200BBA9EC /* PersonalCenterTableView.m in Sources */ = {isa = PBXBuildFile; fileRef = 28AAD2762048E80200BBA9EC /* PersonalCenterTableView.m */; };
		28AAD27D2048E82D00BBA9EC /* InformationMainViewController.m in Sources */ = {isa = PBXBuildFile; fileRef = 28AAD27B2048E82D00BBA9EC /* InformationMainViewController.m */; };
		28AAD28E2048E86A00BBA9EC /* LICENSE in Resources */ = {isa = PBXBuildFile; fileRef = 28AAD27F2048E86A00BBA9EC /* LICENSE */; };
		28AAD28F2048E86A00BBA9EC /* UIView+SGFrame.m in Sources */ = {isa = PBXBuildFile; fileRef = 28AAD2832048E86A00BBA9EC /* UIView+SGFrame.m */; };
		28AAD2902048E86A00BBA9EC /* SGPageContentScrollView.m in Sources */ = {isa = PBXBuildFile; fileRef = 28AAD2852048E86A00BBA9EC /* SGPageContentScrollView.m */; };
		28AAD2912048E86A00BBA9EC /* SGPageContentView.m in Sources */ = {isa = PBXBuildFile; fileRef = 28AAD2862048E86A00BBA9EC /* SGPageContentView.m */; };
		28AAD2922048E86A00BBA9EC /* SGPageTitleView.m in Sources */ = {isa = PBXBuildFile; fileRef = 28AAD28A2048E86A00BBA9EC /* SGPageTitleView.m */; };
		28AAD2932048E86A00BBA9EC /* README.md in Resources */ = {isa = PBXBuildFile; fileRef = 28AAD28D2048E86A00BBA9EC /* README.md */; };
		28AAD2972049109E00BBA9EC /* MeMainViewController.m in Sources */ = {isa = PBXBuildFile; fileRef = 28AAD2962049109E00BBA9EC /* MeMainViewController.m */; };
		28AAD29D20492D2500BBA9EC /* InformationDetailViewController.m in Sources */ = {isa = PBXBuildFile; fileRef = 28AAD29C20492D2400BBA9EC /* InformationDetailViewController.m */; };
		28C4DD2F205152DB00E4EF2F /* UINavigationController+CommonTitle.m in Sources */ = {isa = PBXBuildFile; fileRef = 28C4DD2E205152DB00E4EF2F /* UINavigationController+CommonTitle.m */; };
		28C4DD3320522F5000E4EF2F /* DiscoverMainViewController.m in Sources */ = {isa = PBXBuildFile; fileRef = 28C4DD3220522F5000E4EF2F /* DiscoverMainViewController.m */; };
		28C4DD39205247F500E4EF2F /* DiscoverService.m in Sources */ = {isa = PBXBuildFile; fileRef = 28C4DD38205247F500E4EF2F /* DiscoverService.m */; };
		28C4DD3C2052491E00E4EF2F /* DiscoverViewModel.m in Sources */ = {isa = PBXBuildFile; fileRef = 28C4DD3B2052491E00E4EF2F /* DiscoverViewModel.m */; };
		28C4DD412052B5CF00E4EF2F /* DynamicService.m in Sources */ = {isa = PBXBuildFile; fileRef = 28C4DD402052B5CF00E4EF2F /* DynamicService.m */; };
		28C4DD4620567C9C00E4EF2F /* Tool.m in Sources */ = {isa = PBXBuildFile; fileRef = 28C4DD4320567C9B00E4EF2F /* Tool.m */; };
		28C4DD4720567C9C00E4EF2F /* EditorViewController.m in Sources */ = {isa = PBXBuildFile; fileRef = 28C4DD4520567C9C00E4EF2F /* EditorViewController.m */; };
		28C4DD4A205766C700E4EF2F /* DynamicViewModel.m in Sources */ = {isa = PBXBuildFile; fileRef = 28C4DD49205766C700E4EF2F /* DynamicViewModel.m */; };
		28C4DD4E2057867400E4EF2F /* HeadModel.m in Sources */ = {isa = PBXBuildFile; fileRef = 28C4DD4C2057867300E4EF2F /* HeadModel.m */; };
		28C4DD532057880400E4EF2F /* HomeTableCell.m in Sources */ = {isa = PBXBuildFile; fileRef = 28C4DD502057880300E4EF2F /* HomeTableCell.m */; };
		28C4DD542057880400E4EF2F /* HomeTableHeadView.m in Sources */ = {isa = PBXBuildFile; fileRef = 28C4DD512057880300E4EF2F /* HomeTableHeadView.m */; };
		28C4DD5D2057882700E4EF2F /* UIFont+Wisdom.m in Sources */ = {isa = PBXBuildFile; fileRef = 28C4DD562057882500E4EF2F /* UIFont+Wisdom.m */; };
		28C4DD5E2057882700E4EF2F /* UIView+NJ.m in Sources */ = {isa = PBXBuildFile; fileRef = 28C4DD572057882500E4EF2F /* UIView+NJ.m */; };
		28C4DD5F2057882700E4EF2F /* UIColor+Hex.m in Sources */ = {isa = PBXBuildFile; fileRef = 28C4DD5B2057882600E4EF2F /* UIColor+Hex.m */; };
		28C4DD652057885000E4EF2F /* BasicTableViewCell.m in Sources */ = {isa = PBXBuildFile; fileRef = 28C4DD612057884D00E4EF2F /* BasicTableViewCell.m */; };
		28C4DD662057885000E4EF2F /* BasicModel.m in Sources */ = {isa = PBXBuildFile; fileRef = 28C4DD632057884E00E4EF2F /* BasicModel.m */; };
		28C4DD6F2057886D00E4EF2F /* ImageCollCell.m in Sources */ = {isa = PBXBuildFile; fileRef = 28C4DD6B2057886B00E4EF2F /* ImageCollCell.m */; };
		28C4DD702057886D00E4EF2F /* ManyImageView.m in Sources */ = {isa = PBXBuildFile; fileRef = 28C4DD6C2057886C00E4EF2F /* ManyImageView.m */; };
		28C4DD712057886D00E4EF2F /* NSString+Font.m in Sources */ = {isa = PBXBuildFile; fileRef = 28C4DD6E2057886C00E4EF2F /* NSString+Font.m */; };
		47BA93FB027B213FD20980D7 /* Pods_LFBlog.framework in Frameworks */ = {isa = PBXBuildFile; fileRef = A5F06CB98B198C02B4B08DED /* Pods_LFBlog.framework */; };
/* End PBXBuildFile section */

/* Begin PBXContainerItemProxy section */
		283546BE20479ABD00338B40 /* PBXContainerItemProxy */ = {
			isa = PBXContainerItemProxy;
			containerPortal = 2835469D20479ABD00338B40 /* Project object */;
			proxyType = 1;
			remoteGlobalIDString = 283546A420479ABD00338B40;
			remoteInfo = LFBlog;
		};
		283546C920479ABD00338B40 /* PBXContainerItemProxy */ = {
			isa = PBXContainerItemProxy;
			containerPortal = 2835469D20479ABD00338B40 /* Project object */;
			proxyType = 1;
			remoteGlobalIDString = 283546A420479ABD00338B40;
			remoteInfo = LFBlog;
		};
/* End PBXContainerItemProxy section */

/* Begin PBXFileReference section */
		2806CFFA204D31BB00A7390B /* LFUser.h */ = {isa = PBXFileReference; lastKnownFileType = sourcecode.c.h; path = LFUser.h; sourceTree = "<group>"; };
		2806CFFB204D31BB00A7390B /* LFUser.m */ = {isa = PBXFileReference; lastKnownFileType = sourcecode.c.objc; path = LFUser.m; sourceTree = "<group>"; };
		281AA45B204E546300A4B657 /* UIView+HZAnimation.h */ = {isa = PBXFileReference; fileEncoding = 4; lastKnownFileType = sourcecode.c.h; path = "UIView+HZAnimation.h"; sourceTree = "<group>"; };
		281AA45C204E546300A4B657 /* UIImage+Extension.m */ = {isa = PBXFileReference; fileEncoding = 4; lastKnownFileType = sourcecode.c.objc; path = "UIImage+Extension.m"; sourceTree = "<group>"; };
		281AA45D204E546300A4B657 /* UIImage+GaussianBlur.m */ = {isa = PBXFileReference; fileEncoding = 4; lastKnownFileType = sourcecode.c.objc; path = "UIImage+GaussianBlur.m"; sourceTree = "<group>"; };
		281AA45E204E546300A4B657 /* UIView+HZAnimation.m */ = {isa = PBXFileReference; fileEncoding = 4; lastKnownFileType = sourcecode.c.objc; path = "UIView+HZAnimation.m"; sourceTree = "<group>"; };
		281AA45F204E546300A4B657 /* UIImage+Extension.h */ = {isa = PBXFileReference; fileEncoding = 4; lastKnownFileType = sourcecode.c.h; path = "UIImage+Extension.h"; sourceTree = "<group>"; };
		281AA460204E546300A4B657 /* UIImage+GaussianBlur.h */ = {isa = PBXFileReference; fileEncoding = 4; lastKnownFileType = sourcecode.c.h; path = "UIImage+GaussianBlur.h"; sourceTree = "<group>"; };
		281AA464204E61E400A4B657 /* Singleton.h */ = {isa = PBXFileReference; fileEncoding = 4; lastKnownFileType = sourcecode.c.h; path = Singleton.h; sourceTree = "<group>"; };
		281AA465204E61E400A4B657 /* Singleton.m */ = {isa = PBXFileReference; fileEncoding = 4; lastKnownFileType = sourcecode.c.objc; path = Singleton.m; sourceTree = "<group>"; };
		281AA46C204E7C0E00A4B657 /* MeMainService.h */ = {isa = PBXFileReference; lastKnownFileType = sourcecode.c.h; path = MeMainService.h; sourceTree = "<group>"; };
		281AA46D204E7C0E00A4B657 /* MeMainService.m */ = {isa = PBXFileReference; lastKnownFileType = sourcecode.c.objc; path = MeMainService.m; sourceTree = "<group>"; };
		281AA46F204E7CF400A4B657 /* MeMainViewModel.h */ = {isa = PBXFileReference; lastKnownFileType = sourcecode.c.h; path = MeMainViewModel.h; sourceTree = "<group>"; };
		281AA470204E7CF400A4B657 /* MeMainViewModel.m */ = {isa = PBXFileReference; lastKnownFileType = sourcecode.c.objc; path = MeMainViewModel.m; sourceTree = "<group>"; };
		281AA473204E7FF200A4B657 /* LFHeadImageUtil.m */ = {isa = PBXFileReference; fileEncoding = 4; lastKnownFileType = sourcecode.c.objc; path = LFHeadImageUtil.m; sourceTree = "<group>"; };
		281AA474204E7FF200A4B657 /* LFHeadImageUtil.h */ = {isa = PBXFileReference; fileEncoding = 4; lastKnownFileType = sourcecode.c.h; path = LFHeadImageUtil.h; sourceTree = "<group>"; };
		281AA476204EA73600A4B657 /* MeInfoViewController.h */ = {isa = PBXFileReference; lastKnownFileType = sourcecode.c.h; path = MeInfoViewController.h; sourceTree = "<group>"; };
		281AA477204EA73600A4B657 /* MeInfoViewController.m */ = {isa = PBXFileReference; lastKnownFileType = sourcecode.c.objc; path = MeInfoViewController.m; sourceTree = "<group>"; };
		281AA479204EAB8800A4B657 /* UserIconViewController.h */ = {isa = PBXFileReference; lastKnownFileType = sourcecode.c.h; path = UserIconViewController.h; sourceTree = "<group>"; };
		281AA47A204EAB8800A4B657 /* UserIconViewController.m */ = {isa = PBXFileReference; lastKnownFileType = sourcecode.c.objc; path = UserIconViewController.m; sourceTree = "<group>"; };
		281AA47D204F8ABB00A4B657 /* DynamicMainViewController.h */ = {isa = PBXFileReference; lastKnownFileType = sourcecode.c.h; path = DynamicMainViewController.h; sourceTree = "<group>"; };
		281AA47E204F8ABB00A4B657 /* DynamicMainViewController.m */ = {isa = PBXFileReference; lastKnownFileType = sourcecode.c.objc; path = DynamicMainViewController.m; sourceTree = "<group>"; };
		281AA48C204FB24900A4B657 /* CommentDetailTableViewCell.m */ = {isa = PBXFileReference; fileEncoding = 4; lastKnownFileType = sourcecode.c.objc; path = CommentDetailTableViewCell.m; sourceTree = "<group>"; };
		281AA48D204FB24900A4B657 /* CommentDetailTableViewCell.h */ = {isa = PBXFileReference; fileEncoding = 4; lastKnownFileType = sourcecode.c.h; path = CommentDetailTableViewCell.h; sourceTree = "<group>"; };
		281AA48E204FB24900A4B657 /* CommentDetailViewController.h */ = {isa = PBXFileReference; fileEncoding = 4; lastKnownFileType = sourcecode.c.h; path = CommentDetailViewController.h; sourceTree = "<group>"; };
		281AA48F204FB24900A4B657 /* CommentDetailViewController.m */ = {isa = PBXFileReference; fileEncoding = 4; lastKnownFileType = sourcecode.c.objc; path = CommentDetailViewController.m; sourceTree = "<group>"; };
		281AA4942050CBA700A4B657 /* UIView+Banner.h */ = {isa = PBXFileReference; lastKnownFileType = sourcecode.c.h; path = "UIView+Banner.h"; sourceTree = "<group>"; };
		281AA4952050CBA700A4B657 /* HW3DBannerView.m */ = {isa = PBXFileReference; lastKnownFileType = sourcecode.c.objc; path = HW3DBannerView.m; sourceTree = "<group>"; };
		281AA4962050CBA700A4B657 /* UIView+Banner.m */ = {isa = PBXFileReference; lastKnownFileType = sourcecode.c.objc; path = "UIView+Banner.m"; sourceTree = "<group>"; };
		281AA4972050CBA700A4B657 /* HW3DBannerView.h */ = {isa = PBXFileReference; lastKnownFileType = sourcecode.c.h; path = HW3DBannerView.h; sourceTree = "<group>"; };
		281AA4A62050D21000A4B657 /* libPods-无限轮播图.a */ = {isa = PBXFileReference; lastKnownFileType = archive.ar; path = "libPods-无限轮播图.a"; sourceTree = "<group>"; };
		281AA4AB2050F36A00A4B657 /* AddDynamicViewController.h */ = {isa = PBXFileReference; lastKnownFileType = sourcecode.c.h; path = AddDynamicViewController.h; sourceTree = "<group>"; };
		281AA4AC2050F36A00A4B657 /* AddDynamicViewController.m */ = {isa = PBXFileReference; lastKnownFileType = sourcecode.c.objc; path = AddDynamicViewController.m; sourceTree = "<group>"; };
		283546A520479ABD00338B40 /* LFBlog.app */ = {isa = PBXFileReference; explicitFileType = wrapper.application; includeInIndex = 0; path = LFBlog.app; sourceTree = BUILT_PRODUCTS_DIR; };
		283546A820479ABD00338B40 /* AppDelegate.h */ = {isa = PBXFileReference; lastKnownFileType = sourcecode.c.h; path = AppDelegate.h; sourceTree = "<group>"; };
		283546A920479ABD00338B40 /* AppDelegate.m */ = {isa = PBXFileReference; lastKnownFileType = sourcecode.c.objc; path = AppDelegate.m; sourceTree = "<group>"; };
		283546AB20479ABD00338B40 /* ViewController.h */ = {isa = PBXFileReference; lastKnownFileType = sourcecode.c.h; path = ViewController.h; sourceTree = "<group>"; };
		283546AC20479ABD00338B40 /* ViewController.m */ = {isa = PBXFileReference; lastKnownFileType = sourcecode.c.objc; path = ViewController.m; sourceTree = "<group>"; };
		283546AF20479ABD00338B40 /* Base */ = {isa = PBXFileReference; lastKnownFileType = file.storyboard; name = Base; path = Base.lproj/Main.storyboard; sourceTree = "<group>"; };
		283546B120479ABD00338B40 /* Assets.xcassets */ = {isa = PBXFileReference; lastKnownFileType = folder.assetcatalog; path = Assets.xcassets; sourceTree = "<group>"; };
		283546B420479ABD00338B40 /* Base */ = {isa = PBXFileReference; lastKnownFileType = file.storyboard; name = Base; path = Base.lproj/LaunchScreen.storyboard; sourceTree = "<group>"; };
		283546B620479ABD00338B40 /* Info.plist */ = {isa = PBXFileReference; lastKnownFileType = text.plist.xml; path = Info.plist; sourceTree = "<group>"; };
		283546B720479ABD00338B40 /* main.m */ = {isa = PBXFileReference; lastKnownFileType = sourcecode.c.objc; path = main.m; sourceTree = "<group>"; };
		283546BD20479ABD00338B40 /* LFBlogTests.xctest */ = {isa = PBXFileReference; explicitFileType = wrapper.cfbundle; includeInIndex = 0; path = LFBlogTests.xctest; sourceTree = BUILT_PRODUCTS_DIR; };
		283546C120479ABD00338B40 /* LFBlogTests.m */ = {isa = PBXFileReference; lastKnownFileType = sourcecode.c.objc; path = LFBlogTests.m; sourceTree = "<group>"; };
		283546C320479ABD00338B40 /* Info.plist */ = {isa = PBXFileReference; lastKnownFileType = text.plist.xml; path = Info.plist; sourceTree = "<group>"; };
		283546C820479ABD00338B40 /* LFBlogUITests.xctest */ = {isa = PBXFileReference; explicitFileType = wrapper.cfbundle; includeInIndex = 0; path = LFBlogUITests.xctest; sourceTree = BUILT_PRODUCTS_DIR; };
		283546CC20479ABD00338B40 /* LFBlogUITests.m */ = {isa = PBXFileReference; lastKnownFileType = sourcecode.c.objc; path = LFBlogUITests.m; sourceTree = "<group>"; };
		283546CE20479ABD00338B40 /* Info.plist */ = {isa = PBXFileReference; lastKnownFileType = text.plist.xml; path = Info.plist; sourceTree = "<group>"; };
		283546DB2047A1EE00338B40 /* LoginViewController.h */ = {isa = PBXFileReference; lastKnownFileType = sourcecode.c.h; path = LoginViewController.h; sourceTree = "<group>"; };
		283546DC2047A1EE00338B40 /* LoginViewController.m */ = {isa = PBXFileReference; lastKnownFileType = sourcecode.c.objc; path = LoginViewController.m; sourceTree = "<group>"; };
		283546DE2047A20100338B40 /* LoginViewModel.h */ = {isa = PBXFileReference; lastKnownFileType = sourcecode.c.h; path = LoginViewModel.h; sourceTree = "<group>"; };
		283546DF2047A20100338B40 /* LoginViewModel.m */ = {isa = PBXFileReference; lastKnownFileType = sourcecode.c.objc; path = LoginViewModel.m; sourceTree = "<group>"; };
		283546E12047A62300338B40 /* LFBlog-Prefix.h */ = {isa = PBXFileReference; lastKnownFileType = sourcecode.c.h; path = "LFBlog-Prefix.h"; sourceTree = "<group>"; };
		283546E22047BFB100338B40 /* LoginService.h */ = {isa = PBXFileReference; lastKnownFileType = sourcecode.c.h; path = LoginService.h; sourceTree = "<group>"; };
		283546E32047BFB100338B40 /* LoginService.m */ = {isa = PBXFileReference; lastKnownFileType = sourcecode.c.objc; path = LoginService.m; sourceTree = "<group>"; };
		283546E62047BFEA00338B40 /* HttpUtil.h */ = {isa = PBXFileReference; lastKnownFileType = sourcecode.c.h; path = HttpUtil.h; sourceTree = "<group>"; };
		283546E72047BFEA00338B40 /* HttpUtil.m */ = {isa = PBXFileReference; lastKnownFileType = sourcecode.c.objc; path = HttpUtil.m; sourceTree = "<group>"; };
		283546EB2047CBA700338B40 /* LFBaseService.h */ = {isa = PBXFileReference; lastKnownFileType = sourcecode.c.h; path = LFBaseService.h; sourceTree = "<group>"; };
		283546EC2047CBA700338B40 /* LFBaseService.m */ = {isa = PBXFileReference; lastKnownFileType = sourcecode.c.objc; path = LFBaseService.m; sourceTree = "<group>"; };
		283546EF2047CF9000338B40 /* LFBaseViewModel.h */ = {isa = PBXFileReference; lastKnownFileType = sourcecode.c.h; path = LFBaseViewModel.h; sourceTree = "<group>"; };
		283546F02047CF9000338B40 /* LFBaseViewModel.m */ = {isa = PBXFileReference; lastKnownFileType = sourcecode.c.objc; path = LFBaseViewModel.m; sourceTree = "<group>"; };
		283546F32047FB9B00338B40 /* InformationViewController.h */ = {isa = PBXFileReference; lastKnownFileType = sourcecode.c.h; path = InformationViewController.h; sourceTree = "<group>"; };
		283546F42047FB9B00338B40 /* InformationViewController.m */ = {isa = PBXFileReference; lastKnownFileType = sourcecode.c.objc; path = InformationViewController.m; sourceTree = "<group>"; };
		283546F62047FBBD00338B40 /* InformationViewModel.h */ = {isa = PBXFileReference; lastKnownFileType = sourcecode.c.h; path = InformationViewModel.h; sourceTree = "<group>"; };
		283546F72047FBBD00338B40 /* InformationViewModel.m */ = {isa = PBXFileReference; lastKnownFileType = sourcecode.c.objc; path = InformationViewModel.m; sourceTree = "<group>"; };
		283546F92047FC9800338B40 /* InformationService.h */ = {isa = PBXFileReference; lastKnownFileType = sourcecode.c.h; path = InformationService.h; sourceTree = "<group>"; };
		283546FA2047FC9800338B40 /* InformationService.m */ = {isa = PBXFileReference; lastKnownFileType = sourcecode.c.objc; path = InformationService.m; sourceTree = "<group>"; };
		2886CFCF2057CB2C00C699F4 /* NickNameModifyViewController.h */ = {isa = PBXFileReference; lastKnownFileType = sourcecode.c.h; path = NickNameModifyViewController.h; sourceTree = "<group>"; };
		2886CFD02057CB2C00C699F4 /* NickNameModifyViewController.m */ = {isa = PBXFileReference; lastKnownFileType = sourcecode.c.objc; path = NickNameModifyViewController.m; sourceTree = "<group>"; };
		2886CFD22057F5E600C699F4 /* SexModityViewController.h */ = {isa = PBXFileReference; lastKnownFileType = sourcecode.c.h; path = SexModityViewController.h; sourceTree = "<group>"; };
		2886CFD32057F5E600C699F4 /* SexModityViewController.m */ = {isa = PBXFileReference; lastKnownFileType = sourcecode.c.objc; path = SexModityViewController.m; sourceTree = "<group>"; };
		28AAD26E2048E80100BBA9EC /* PersonalCenterTopView.m */ = {isa = PBXFileReference; lastKnownFileType = sourcecode.c.objc; path = PersonalCenterTopView.m; sourceTree = "<group>"; };
		28AAD2702048E80100BBA9EC /* PersonalCenterChildBaseVC.h */ = {isa = PBXFileReference; lastKnownFileType = sourcecode.c.h; path = PersonalCenterChildBaseVC.h; sourceTree = "<group>"; };
		28AAD2712048E80100BBA9EC /* PersonalCenterChildBaseVC.m */ = {isa = PBXFileReference; lastKnownFileType = sourcecode.c.objc; path = PersonalCenterChildBaseVC.m; sourceTree = "<group>"; };
		28AAD2722048E80200BBA9EC /* PersonalCenterTopView.xib */ = {isa = PBXFileReference; lastKnownFileType = file.xib; path = PersonalCenterTopView.xib; sourceTree = "<group>"; };
		28AAD2732048E80200BBA9EC /* PersonalCenterTableView.h */ = {isa = PBXFileReference; lastKnownFileType = sourcecode.c.h; path = PersonalCenterTableView.h; sourceTree = "<group>"; };
		28AAD2752048E80200BBA9EC /* PersonalCenterTopView.h */ = {isa = PBXFileReference; lastKnownFileType = sourcecode.c.h; path = PersonalCenterTopView.h; sourceTree = "<group>"; };
		28AAD2762048E80200BBA9EC /* PersonalCenterTableView.m */ = {isa = PBXFileReference; lastKnownFileType = sourcecode.c.objc; path = PersonalCenterTableView.m; sourceTree = "<group>"; };
		28AAD27B2048E82D00BBA9EC /* InformationMainViewController.m */ = {isa = PBXFileReference; lastKnownFileType = sourcecode.c.objc; path = InformationMainViewController.m; sourceTree = "<group>"; };
		28AAD27C2048E82D00BBA9EC /* InformationMainViewController.h */ = {isa = PBXFileReference; lastKnownFileType = sourcecode.c.h; path = InformationMainViewController.h; sourceTree = "<group>"; };
		28AAD27F2048E86A00BBA9EC /* LICENSE */ = {isa = PBXFileReference; fileEncoding = 4; lastKnownFileType = text; path = LICENSE; sourceTree = "<group>"; };
		28AAD2822048E86A00BBA9EC /* UIView+SGFrame.h */ = {isa = PBXFileReference; fileEncoding = 4; lastKnownFileType = sourcecode.c.h; path = "UIView+SGFrame.h"; sourceTree = "<group>"; };
		28AAD2832048E86A00BBA9EC /* UIView+SGFrame.m */ = {isa = PBXFileReference; fileEncoding = 4; lastKnownFileType = sourcecode.c.objc; path = "UIView+SGFrame.m"; sourceTree = "<group>"; };
		28AAD2852048E86A00BBA9EC /* SGPageContentScrollView.m */ = {isa = PBXFileReference; fileEncoding = 4; lastKnownFileType = sourcecode.c.objc; path = SGPageContentScrollView.m; sourceTree = "<group>"; };
		28AAD2862048E86A00BBA9EC /* SGPageContentView.m */ = {isa = PBXFileReference; fileEncoding = 4; lastKnownFileType = sourcecode.c.objc; path = SGPageContentView.m; sourceTree = "<group>"; };
		28AAD2872048E86A00BBA9EC /* SGPageContentScrollView.h */ = {isa = PBXFileReference; fileEncoding = 4; lastKnownFileType = sourcecode.c.h; path = SGPageContentScrollView.h; sourceTree = "<group>"; };
		28AAD2882048E86A00BBA9EC /* SGPageContentView.h */ = {isa = PBXFileReference; fileEncoding = 4; lastKnownFileType = sourcecode.c.h; path = SGPageContentView.h; sourceTree = "<group>"; };
		28AAD28A2048E86A00BBA9EC /* SGPageTitleView.m */ = {isa = PBXFileReference; fileEncoding = 4; lastKnownFileType = sourcecode.c.objc; path = SGPageTitleView.m; sourceTree = "<group>"; };
		28AAD28B2048E86A00BBA9EC /* SGPageTitleView.h */ = {isa = PBXFileReference; fileEncoding = 4; lastKnownFileType = sourcecode.c.h; path = SGPageTitleView.h; sourceTree = "<group>"; };
		28AAD28C2048E86A00BBA9EC /* SGPagingView.h */ = {isa = PBXFileReference; fileEncoding = 4; lastKnownFileType = sourcecode.c.h; path = SGPagingView.h; sourceTree = "<group>"; };
		28AAD28D2048E86A00BBA9EC /* README.md */ = {isa = PBXFileReference; fileEncoding = 4; lastKnownFileType = net.daringfireball.markdown; path = README.md; sourceTree = "<group>"; };
		28AAD2952049109E00BBA9EC /* MeMainViewController.h */ = {isa = PBXFileReference; lastKnownFileType = sourcecode.c.h; path = MeMainViewController.h; sourceTree = "<group>"; };
		28AAD2962049109E00BBA9EC /* MeMainViewController.m */ = {isa = PBXFileReference; lastKnownFileType = sourcecode.c.objc; path = MeMainViewController.m; sourceTree = "<group>"; };
		28AAD29B20492D2400BBA9EC /* InformationDetailViewController.h */ = {isa = PBXFileReference; lastKnownFileType = sourcecode.c.h; path = InformationDetailViewController.h; sourceTree = "<group>"; };
		28AAD29C20492D2400BBA9EC /* InformationDetailViewController.m */ = {isa = PBXFileReference; lastKnownFileType = sourcecode.c.objc; path = InformationDetailViewController.m; sourceTree = "<group>"; };
		28C4DD2D205152DB00E4EF2F /* UINavigationController+CommonTitle.h */ = {isa = PBXFileReference; fileEncoding = 4; lastKnownFileType = sourcecode.c.h; path = "UINavigationController+CommonTitle.h"; sourceTree = "<group>"; };
		28C4DD2E205152DB00E4EF2F /* UINavigationController+CommonTitle.m */ = {isa = PBXFileReference; fileEncoding = 4; lastKnownFileType = sourcecode.c.objc; path = "UINavigationController+CommonTitle.m"; sourceTree = "<group>"; };
		28C4DD3120522F5000E4EF2F /* DiscoverMainViewController.h */ = {isa = PBXFileReference; lastKnownFileType = sourcecode.c.h; path = DiscoverMainViewController.h; sourceTree = "<group>"; };
		28C4DD3220522F5000E4EF2F /* DiscoverMainViewController.m */ = {isa = PBXFileReference; lastKnownFileType = sourcecode.c.objc; path = DiscoverMainViewController.m; sourceTree = "<group>"; };
		28C4DD37205247F500E4EF2F /* DiscoverService.h */ = {isa = PBXFileReference; lastKnownFileType = sourcecode.c.h; path = DiscoverService.h; sourceTree = "<group>"; };
		28C4DD38205247F500E4EF2F /* DiscoverService.m */ = {isa = PBXFileReference; lastKnownFileType = sourcecode.c.objc; path = DiscoverService.m; sourceTree = "<group>"; };
		28C4DD3A2052491E00E4EF2F /* DiscoverViewModel.h */ = {isa = PBXFileReference; lastKnownFileType = sourcecode.c.h; path = DiscoverViewModel.h; sourceTree = "<group>"; };
		28C4DD3B2052491E00E4EF2F /* DiscoverViewModel.m */ = {isa = PBXFileReference; lastKnownFileType = sourcecode.c.objc; path = DiscoverViewModel.m; sourceTree = "<group>"; };
		28C4DD3F2052B5CF00E4EF2F /* DynamicService.h */ = {isa = PBXFileReference; lastKnownFileType = sourcecode.c.h; path = DynamicService.h; sourceTree = "<group>"; };
		28C4DD402052B5CF00E4EF2F /* DynamicService.m */ = {isa = PBXFileReference; lastKnownFileType = sourcecode.c.objc; path = DynamicService.m; sourceTree = "<group>"; };
		28C4DD4220567C9B00E4EF2F /* EditorViewController.h */ = {isa = PBXFileReference; fileEncoding = 4; lastKnownFileType = sourcecode.c.h; path = EditorViewController.h; sourceTree = "<group>"; };
		28C4DD4320567C9B00E4EF2F /* Tool.m */ = {isa = PBXFileReference; fileEncoding = 4; lastKnownFileType = sourcecode.c.objc; path = Tool.m; sourceTree = "<group>"; };
		28C4DD4420567C9B00E4EF2F /* Tool.h */ = {isa = PBXFileReference; fileEncoding = 4; lastKnownFileType = sourcecode.c.h; path = Tool.h; sourceTree = "<group>"; };
		28C4DD4520567C9C00E4EF2F /* EditorViewController.m */ = {isa = PBXFileReference; fileEncoding = 4; lastKnownFileType = sourcecode.c.objc; path = EditorViewController.m; sourceTree = "<group>"; };
		28C4DD48205766C700E4EF2F /* DynamicViewModel.h */ = {isa = PBXFileReference; lastKnownFileType = sourcecode.c.h; path = DynamicViewModel.h; sourceTree = "<group>"; };
		28C4DD49205766C700E4EF2F /* DynamicViewModel.m */ = {isa = PBXFileReference; lastKnownFileType = sourcecode.c.objc; path = DynamicViewModel.m; sourceTree = "<group>"; };
		28C4DD4C2057867300E4EF2F /* HeadModel.m */ = {isa = PBXFileReference; fileEncoding = 4; lastKnownFileType = sourcecode.c.objc; path = HeadModel.m; sourceTree = "<group>"; };
		28C4DD4D2057867300E4EF2F /* HeadModel.h */ = {isa = PBXFileReference; fileEncoding = 4; lastKnownFileType = sourcecode.c.h; path = HeadModel.h; sourceTree = "<group>"; };
		28C4DD4F2057880200E4EF2F /* HomeTableCell.h */ = {isa = PBXFileReference; fileEncoding = 4; lastKnownFileType = sourcecode.c.h; path = HomeTableCell.h; sourceTree = "<group>"; };
		28C4DD502057880300E4EF2F /* HomeTableCell.m */ = {isa = PBXFileReference; fileEncoding = 4; lastKnownFileType = sourcecode.c.objc; path = HomeTableCell.m; sourceTree = "<group>"; };
		28C4DD512057880300E4EF2F /* HomeTableHeadView.m */ = {isa = PBXFileReference; fileEncoding = 4; lastKnownFileType = sourcecode.c.objc; path = HomeTableHeadView.m; sourceTree = "<group>"; };
		28C4DD522057880300E4EF2F /* HomeTableHeadView.h */ = {isa = PBXFileReference; fileEncoding = 4; lastKnownFileType = sourcecode.c.h; path = HomeTableHeadView.h; sourceTree = "<group>"; };
		28C4DD562057882500E4EF2F /* UIFont+Wisdom.m */ = {isa = PBXFileReference; fileEncoding = 4; lastKnownFileType = sourcecode.c.objc; path = "UIFont+Wisdom.m"; sourceTree = "<group>"; };
		28C4DD572057882500E4EF2F /* UIView+NJ.m */ = {isa = PBXFileReference; fileEncoding = 4; lastKnownFileType = sourcecode.c.objc; path = "UIView+NJ.m"; sourceTree = "<group>"; };
		28C4DD582057882500E4EF2F /* UIFont+Wisdom.h */ = {isa = PBXFileReference; fileEncoding = 4; lastKnownFileType = sourcecode.c.h; path = "UIFont+Wisdom.h"; sourceTree = "<group>"; };
		28C4DD592057882600E4EF2F /* UIColor+Hex.h */ = {isa = PBXFileReference; fileEncoding = 4; lastKnownFileType = sourcecode.c.h; path = "UIColor+Hex.h"; sourceTree = "<group>"; };
		28C4DD5A2057882600E4EF2F /* UIView+NJ.h */ = {isa = PBXFileReference; fileEncoding = 4; lastKnownFileType = sourcecode.c.h; path = "UIView+NJ.h"; sourceTree = "<group>"; };
		28C4DD5B2057882600E4EF2F /* UIColor+Hex.m */ = {isa = PBXFileReference; fileEncoding = 4; lastKnownFileType = sourcecode.c.objc; path = "UIColor+Hex.m"; sourceTree = "<group>"; };
		28C4DD5C2057882700E4EF2F /* UIViewExt.h */ = {isa = PBXFileReference; fileEncoding = 4; lastKnownFileType = sourcecode.c.h; path = UIViewExt.h; sourceTree = "<group>"; };
		28C4DD612057884D00E4EF2F /* BasicTableViewCell.m */ = {isa = PBXFileReference; fileEncoding = 4; lastKnownFileType = sourcecode.c.objc; path = BasicTableViewCell.m; sourceTree = "<group>"; };
		28C4DD622057884D00E4EF2F /* BasicTableViewCell.h */ = {isa = PBXFileReference; fileEncoding = 4; lastKnownFileType = sourcecode.c.h; path = BasicTableViewCell.h; sourceTree = "<group>"; };
		28C4DD632057884E00E4EF2F /* BasicModel.m */ = {isa = PBXFileReference; fileEncoding = 4; lastKnownFileType = sourcecode.c.objc; path = BasicModel.m; sourceTree = "<group>"; };
		28C4DD642057885000E4EF2F /* BasicModel.h */ = {isa = PBXFileReference; fileEncoding = 4; lastKnownFileType = sourcecode.c.h; path = BasicModel.h; sourceTree = "<group>"; };
		28C4DD682057886A00E4EF2F /* Header.h */ = {isa = PBXFileReference; fileEncoding = 4; lastKnownFileType = sourcecode.c.h; path = Header.h; sourceTree = "<group>"; };
		28C4DD692057886B00E4EF2F /* ManyImageView.h */ = {isa = PBXFileReference; fileEncoding = 4; lastKnownFileType = sourcecode.c.h; path = ManyImageView.h; sourceTree = "<group>"; };
		28C4DD6A2057886B00E4EF2F /* ImageCollCell.h */ = {isa = PBXFileReference; fileEncoding = 4; lastKnownFileType = sourcecode.c.h; path = ImageCollCell.h; sourceTree = "<group>"; };
		28C4DD6B2057886B00E4EF2F /* ImageCollCell.m */ = {isa = PBXFileReference; fileEncoding = 4; lastKnownFileType = sourcecode.c.objc; path = ImageCollCell.m; sourceTree = "<group>"; };
		28C4DD6C2057886C00E4EF2F /* ManyImageView.m */ = {isa = PBXFileReference; fileEncoding = 4; lastKnownFileType = sourcecode.c.objc; path = ManyImageView.m; sourceTree = "<group>"; };
		28C4DD6D2057886C00E4EF2F /* NSString+Font.h */ = {isa = PBXFileReference; fileEncoding = 4; lastKnownFileType = sourcecode.c.h; path = "NSString+Font.h"; sourceTree = "<group>"; };
		28C4DD6E2057886C00E4EF2F /* NSString+Font.m */ = {isa = PBXFileReference; fileEncoding = 4; lastKnownFileType = sourcecode.c.objc; path = "NSString+Font.m"; sourceTree = "<group>"; };
		4E5C8F92F2434978ACF89CD4 /* Pods-LFBlog.release.xcconfig */ = {isa = PBXFileReference; includeInIndex = 1; lastKnownFileType = text.xcconfig; name = "Pods-LFBlog.release.xcconfig"; path = "Pods/Target Support Files/Pods-LFBlog/Pods-LFBlog.release.xcconfig"; sourceTree = "<group>"; };
		614AE38BA1A8945B85AE9C37 /* Pods-LFBlog.debug.xcconfig */ = {isa = PBXFileReference; includeInIndex = 1; lastKnownFileType = text.xcconfig; name = "Pods-LFBlog.debug.xcconfig"; path = "Pods/Target Support Files/Pods-LFBlog/Pods-LFBlog.debug.xcconfig"; sourceTree = "<group>"; };
		A5F06CB98B198C02B4B08DED /* Pods_LFBlog.framework */ = {isa = PBXFileReference; explicitFileType = wrapper.framework; includeInIndex = 0; path = Pods_LFBlog.framework; sourceTree = BUILT_PRODUCTS_DIR; };
/* End PBXFileReference section */

/* Begin PBXFrameworksBuildPhase section */
		283546A220479ABD00338B40 /* Frameworks */ = {
			isa = PBXFrameworksBuildPhase;
			buildActionMask = 2147483647;
			files = (
				47BA93FB027B213FD20980D7 /* Pods_LFBlog.framework in Frameworks */,
				281AA4A72050D21100A4B657 /* libPods-无限轮播图.a in Frameworks */,
			);
			runOnlyForDeploymentPostprocessing = 0;
		};
		283546BA20479ABD00338B40 /* Frameworks */ = {
			isa = PBXFrameworksBuildPhase;
			buildActionMask = 2147483647;
			files = (
			);
			runOnlyForDeploymentPostprocessing = 0;
		};
		283546C520479ABD00338B40 /* Frameworks */ = {
			isa = PBXFrameworksBuildPhase;
			buildActionMask = 2147483647;
			files = (
			);
			runOnlyForDeploymentPostprocessing = 0;
		};
/* End PBXFrameworksBuildPhase section */

/* Begin PBXGroup section */
		2806CFF3204D30B900A7390B /* ViewController */ = {
			isa = PBXGroup;
			children = (
				28AAD27C2048E82D00BBA9EC /* InformationMainViewController.h */,
				28AAD27B2048E82D00BBA9EC /* InformationMainViewController.m */,
				283546F32047FB9B00338B40 /* InformationViewController.h */,
				283546F42047FB9B00338B40 /* InformationViewController.m */,
				28AAD29B20492D2400BBA9EC /* InformationDetailViewController.h */,
				28AAD29C20492D2400BBA9EC /* InformationDetailViewController.m */,
				28AAD2702048E80100BBA9EC /* PersonalCenterChildBaseVC.h */,
				28AAD2712048E80100BBA9EC /* PersonalCenterChildBaseVC.m */,
				28AAD2732048E80200BBA9EC /* PersonalCenterTableView.h */,
				28AAD2762048E80200BBA9EC /* PersonalCenterTableView.m */,
				28AAD2752048E80200BBA9EC /* PersonalCenterTopView.h */,
				28AAD26E2048E80100BBA9EC /* PersonalCenterTopView.m */,
				28AAD2722048E80200BBA9EC /* PersonalCenterTopView.xib */,
				281AA48D204FB24900A4B657 /* CommentDetailTableViewCell.h */,
				281AA48C204FB24900A4B657 /* CommentDetailTableViewCell.m */,
				281AA48E204FB24900A4B657 /* CommentDetailViewController.h */,
				281AA48F204FB24900A4B657 /* CommentDetailViewController.m */,
				28C4DD4220567C9B00E4EF2F /* EditorViewController.h */,
				28C4DD4520567C9C00E4EF2F /* EditorViewController.m */,
				28C4DD4420567C9B00E4EF2F /* Tool.h */,
				28C4DD4320567C9B00E4EF2F /* Tool.m */,
			);
			path = ViewController;
			sourceTree = "<group>";
		};
		2806CFF4204D30CE00A7390B /* ViewModel */ = {
			isa = PBXGroup;
			children = (
				283546F62047FBBD00338B40 /* InformationViewModel.h */,
				283546F72047FBBD00338B40 /* InformationViewModel.m */,
			);
			path = ViewModel;
			sourceTree = "<group>";
		};
		2806CFF5204D30DA00A7390B /* Service */ = {
			isa = PBXGroup;
			children = (
				283546F92047FC9800338B40 /* InformationService.h */,
				283546FA2047FC9800338B40 /* InformationService.m */,
			);
			path = Service;
			sourceTree = "<group>";
		};
		2806CFF6204D30E700A7390B /* Service */ = {
			isa = PBXGroup;
			children = (
				283546E22047BFB100338B40 /* LoginService.h */,
				283546E32047BFB100338B40 /* LoginService.m */,
			);
			path = Service;
			sourceTree = "<group>";
		};
		2806CFF7204D30F000A7390B /* ViewController */ = {
			isa = PBXGroup;
			children = (
				283546DB2047A1EE00338B40 /* LoginViewController.h */,
				283546DC2047A1EE00338B40 /* LoginViewController.m */,
			);
			path = ViewController;
			sourceTree = "<group>";
		};
		2806CFF8204D30FC00A7390B /* ViewModel */ = {
			isa = PBXGroup;
			children = (
				283546DE2047A20100338B40 /* LoginViewModel.h */,
				283546DF2047A20100338B40 /* LoginViewModel.m */,
			);
			path = ViewModel;
			sourceTree = "<group>";
		};
		2806CFF9204D31A400A7390B /* Model */ = {
			isa = PBXGroup;
			children = (
				281AA464204E61E400A4B657 /* Singleton.h */,
				281AA465204E61E400A4B657 /* Singleton.m */,
				2806CFFA204D31BB00A7390B /* LFUser.h */,
				2806CFFB204D31BB00A7390B /* LFUser.m */,
			);
			path = Model;
			sourceTree = "<group>";
		};
		281AA45A204E546300A4B657 /* UIImage+ */ = {
			isa = PBXGroup;
			children = (
				281AA45B204E546300A4B657 /* UIView+HZAnimation.h */,
				281AA45C204E546300A4B657 /* UIImage+Extension.m */,
				281AA45D204E546300A4B657 /* UIImage+GaussianBlur.m */,
				281AA45E204E546300A4B657 /* UIView+HZAnimation.m */,
				281AA45F204E546300A4B657 /* UIImage+Extension.h */,
				281AA460204E546300A4B657 /* UIImage+GaussianBlur.h */,
			);
			path = "UIImage+";
			sourceTree = "<group>";
		};
		281AA467204E7B8200A4B657 /* ViewController */ = {
			isa = PBXGroup;
			children = (
				28AAD2952049109E00BBA9EC /* MeMainViewController.h */,
				28AAD2962049109E00BBA9EC /* MeMainViewController.m */,
				281AA476204EA73600A4B657 /* MeInfoViewController.h */,
				281AA477204EA73600A4B657 /* MeInfoViewController.m */,
				281AA479204EAB8800A4B657 /* UserIconViewController.h */,
				281AA47A204EAB8800A4B657 /* UserIconViewController.m */,
				2886CFCF2057CB2C00C699F4 /* NickNameModifyViewController.h */,
				2886CFD02057CB2C00C699F4 /* NickNameModifyViewController.m */,
				2886CFD22057F5E600C699F4 /* SexModityViewController.h */,
				2886CFD32057F5E600C699F4 /* SexModityViewController.m */,
			);
			path = ViewController;
			sourceTree = "<group>";
		};
		281AA468204E7B9200A4B657 /* ViewModel */ = {
			isa = PBXGroup;
			children = (
				281AA46F204E7CF400A4B657 /* MeMainViewModel.h */,
				281AA470204E7CF400A4B657 /* MeMainViewModel.m */,
			);
			path = ViewModel;
			sourceTree = "<group>";
		};
		281AA469204E7BA200A4B657 /* Service */ = {
			isa = PBXGroup;
			children = (
				281AA46C204E7C0E00A4B657 /* MeMainService.h */,
				281AA46D204E7C0E00A4B657 /* MeMainService.m */,
			);
			path = Service;
			sourceTree = "<group>";
		};
		281AA472204E7FB400A4B657 /* ImageChange */ = {
			isa = PBXGroup;
			children = (
				281AA474204E7FF200A4B657 /* LFHeadImageUtil.h */,
				281AA473204E7FF200A4B657 /* LFHeadImageUtil.m */,
			);
			path = ImageChange;
			sourceTree = "<group>";
		};
		281AA47C204F8A5500A4B657 /* dynamic */ = {
			isa = PBXGroup;
			children = (
				28C4DD672057886000E4EF2F /* Other */,
				28C4DD602057884400E4EF2F /* Basic */,
				28C4DD4B2057866700E4EF2F /* Model */,
				28C4DD3E2052B5B300E4EF2F /* Service */,
				28C4DD3D2052B5A800E4EF2F /* ViewModel */,
				281AA4AA2050F02900A4B657 /* ViewController */,
			);
			path = dynamic;
			sourceTree = "<group>";
		};
		281AA4932050CBA700A4B657 /* HW3DBannerView */ = {
			isa = PBXGroup;
			children = (
				281AA4942050CBA700A4B657 /* UIView+Banner.h */,
				281AA4952050CBA700A4B657 /* HW3DBannerView.m */,
				281AA4962050CBA700A4B657 /* UIView+Banner.m */,
				281AA4972050CBA700A4B657 /* HW3DBannerView.h */,
			);
			path = HW3DBannerView;
			sourceTree = "<group>";
		};
		281AA4AA2050F02900A4B657 /* ViewController */ = {
			isa = PBXGroup;
			children = (
				281AA47D204F8ABB00A4B657 /* DynamicMainViewController.h */,
				281AA47E204F8ABB00A4B657 /* DynamicMainViewController.m */,
				281AA4AB2050F36A00A4B657 /* AddDynamicViewController.h */,
				281AA4AC2050F36A00A4B657 /* AddDynamicViewController.m */,
				28C4DD4F2057880200E4EF2F /* HomeTableCell.h */,
				28C4DD502057880300E4EF2F /* HomeTableCell.m */,
				28C4DD522057880300E4EF2F /* HomeTableHeadView.h */,
				28C4DD512057880300E4EF2F /* HomeTableHeadView.m */,
			);
			path = ViewController;
			sourceTree = "<group>";
		};
		2835469C20479ABD00338B40 = {
			isa = PBXGroup;
			children = (
				283546A720479ABD00338B40 /* LFBlog */,
				283546C020479ABD00338B40 /* LFBlogTests */,
				283546CB20479ABD00338B40 /* LFBlogUITests */,
				283546A620479ABD00338B40 /* Products */,
				B1AC524E84E5CCFDBD31222A /* Pods */,
				F2B0DA54EE8862A73296A6EE /* Frameworks */,
			);
			sourceTree = "<group>";
		};
		283546A620479ABD00338B40 /* Products */ = {
			isa = PBXGroup;
			children = (
				283546A520479ABD00338B40 /* LFBlog.app */,
				283546BD20479ABD00338B40 /* LFBlogTests.xctest */,
				283546C820479ABD00338B40 /* LFBlogUITests.xctest */,
			);
			name = Products;
			sourceTree = "<group>";
		};
		283546A720479ABD00338B40 /* LFBlog */ = {
			isa = PBXGroup;
			children = (
				283546E92047CB8900338B40 /* commom */,
				283546E52047BFCB00338B40 /* utils */,
				283546A820479ABD00338B40 /* AppDelegate.h */,
				283546A920479ABD00338B40 /* AppDelegate.m */,
				283546AB20479ABD00338B40 /* ViewController.h */,
				283546AC20479ABD00338B40 /* ViewController.m */,
				283546DA2047A1C600338B40 /* Login */,
				283546F22047FACE00338B40 /* Information */,
				28AAD2942049106300BBA9EC /* mine */,
				281AA47C204F8A5500A4B657 /* dynamic */,
				28C4DD302052222900E4EF2F /* Discover */,
				283546AE20479ABD00338B40 /* Main.storyboard */,
				283546B120479ABD00338B40 /* Assets.xcassets */,
				283546B320479ABD00338B40 /* LaunchScreen.storyboard */,
				283546B620479ABD00338B40 /* Info.plist */,
				283546B720479ABD00338B40 /* main.m */,
				283546E12047A62300338B40 /* LFBlog-Prefix.h */,
			);
			path = LFBlog;
			sourceTree = "<group>";
		};
		283546C020479ABD00338B40 /* LFBlogTests */ = {
			isa = PBXGroup;
			children = (
				283546C120479ABD00338B40 /* LFBlogTests.m */,
				283546C320479ABD00338B40 /* Info.plist */,
			);
			path = LFBlogTests;
			sourceTree = "<group>";
		};
		283546CB20479ABD00338B40 /* LFBlogUITests */ = {
			isa = PBXGroup;
			children = (
				283546CC20479ABD00338B40 /* LFBlogUITests.m */,
				283546CE20479ABD00338B40 /* Info.plist */,
			);
			path = LFBlogUITests;
			sourceTree = "<group>";
		};
		283546DA2047A1C600338B40 /* Login */ = {
			isa = PBXGroup;
			children = (
				2806CFF9204D31A400A7390B /* Model */,
				2806CFF8204D30FC00A7390B /* ViewModel */,
				2806CFF7204D30F000A7390B /* ViewController */,
				2806CFF6204D30E700A7390B /* Service */,
			);
			path = Login;
			sourceTree = "<group>";
		};
		283546E52047BFCB00338B40 /* utils */ = {
			isa = PBXGroup;
			children = (
				281AA4932050CBA700A4B657 /* HW3DBannerView */,
				281AA472204E7FB400A4B657 /* ImageChange */,
				281AA45A204E546300A4B657 /* UIImage+ */,
				28AAD27E2048E86A00BBA9EC /* SGPagingView */,
				283546E62047BFEA00338B40 /* HttpUtil.h */,
				283546E72047BFEA00338B40 /* HttpUtil.m */,
			);
			path = utils;
			sourceTree = "<group>";
		};
		283546E92047CB8900338B40 /* commom */ = {
			isa = PBXGroup;
			children = (
				28C4DD552057881C00E4EF2F /* Category */,
				28C4DD2D205152DB00E4EF2F /* UINavigationController+CommonTitle.h */,
				28C4DD2E205152DB00E4EF2F /* UINavigationController+CommonTitle.m */,
				283546EE2047CF7E00338B40 /* ViewModel */,
				283546EA2047CB9100338B40 /* Service */,
			);
			path = commom;
			sourceTree = "<group>";
		};
		283546EA2047CB9100338B40 /* Service */ = {
			isa = PBXGroup;
			children = (
				283546EB2047CBA700338B40 /* LFBaseService.h */,
				283546EC2047CBA700338B40 /* LFBaseService.m */,
			);
			path = Service;
			sourceTree = "<group>";
		};
		283546EE2047CF7E00338B40 /* ViewModel */ = {
			isa = PBXGroup;
			children = (
				283546EF2047CF9000338B40 /* LFBaseViewModel.h */,
				283546F02047CF9000338B40 /* LFBaseViewModel.m */,
			);
			path = ViewModel;
			sourceTree = "<group>";
		};
		283546F22047FACE00338B40 /* Information */ = {
			isa = PBXGroup;
			children = (
				2806CFF5204D30DA00A7390B /* Service */,
				2806CFF4204D30CE00A7390B /* ViewModel */,
				2806CFF3204D30B900A7390B /* ViewController */,
			);
			path = Information;
			sourceTree = "<group>";
		};
		28AAD27E2048E86A00BBA9EC /* SGPagingView */ = {
			isa = PBXGroup;
			children = (
				28AAD27F2048E86A00BBA9EC /* LICENSE */,
				28AAD2802048E86A00BBA9EC /* SGPagingView */,
				28AAD28D2048E86A00BBA9EC /* README.md */,
			);
			path = SGPagingView;
			sourceTree = "<group>";
		};
		28AAD2802048E86A00BBA9EC /* SGPagingView */ = {
			isa = PBXGroup;
			children = (
				28AAD2812048E86A00BBA9EC /* Category */,
				28AAD2842048E86A00BBA9EC /* SGPageContent */,
				28AAD2892048E86A00BBA9EC /* SGPageTitle */,
				28AAD28C2048E86A00BBA9EC /* SGPagingView.h */,
			);
			path = SGPagingView;
			sourceTree = "<group>";
		};
		28AAD2812048E86A00BBA9EC /* Category */ = {
			isa = PBXGroup;
			children = (
				28AAD2822048E86A00BBA9EC /* UIView+SGFrame.h */,
				28AAD2832048E86A00BBA9EC /* UIView+SGFrame.m */,
			);
			path = Category;
			sourceTree = "<group>";
		};
		28AAD2842048E86A00BBA9EC /* SGPageContent */ = {
			isa = PBXGroup;
			children = (
				28AAD2872048E86A00BBA9EC /* SGPageContentScrollView.h */,
				28AAD2852048E86A00BBA9EC /* SGPageContentScrollView.m */,
				28AAD2882048E86A00BBA9EC /* SGPageContentView.h */,
				28AAD2862048E86A00BBA9EC /* SGPageContentView.m */,
			);
			path = SGPageContent;
			sourceTree = "<group>";
		};
		28AAD2892048E86A00BBA9EC /* SGPageTitle */ = {
			isa = PBXGroup;
			children = (
				28AAD28B2048E86A00BBA9EC /* SGPageTitleView.h */,
				28AAD28A2048E86A00BBA9EC /* SGPageTitleView.m */,
			);
			path = SGPageTitle;
			sourceTree = "<group>";
		};
		28AAD2942049106300BBA9EC /* mine */ = {
			isa = PBXGroup;
			children = (
				281AA469204E7BA200A4B657 /* Service */,
				281AA468204E7B9200A4B657 /* ViewModel */,
				281AA467204E7B8200A4B657 /* ViewController */,
			);
			path = mine;
			sourceTree = "<group>";
		};
		28C4DD302052222900E4EF2F /* Discover */ = {
			isa = PBXGroup;
			children = (
				28C4DD352052479500E4EF2F /* Service */,
				28C4DD362052479B00E4EF2F /* ViewModel */,
				28C4DD342052478600E4EF2F /* ViewController */,
			);
			path = Discover;
			sourceTree = "<group>";
		};
		28C4DD342052478600E4EF2F /* ViewController */ = {
			isa = PBXGroup;
			children = (
				28C4DD3120522F5000E4EF2F /* DiscoverMainViewController.h */,
				28C4DD3220522F5000E4EF2F /* DiscoverMainViewController.m */,
			);
			path = ViewController;
			sourceTree = "<group>";
		};
		28C4DD352052479500E4EF2F /* Service */ = {
			isa = PBXGroup;
			children = (
				28C4DD37205247F500E4EF2F /* DiscoverService.h */,
				28C4DD38205247F500E4EF2F /* DiscoverService.m */,
			);
			path = Service;
			sourceTree = "<group>";
		};
		28C4DD362052479B00E4EF2F /* ViewModel */ = {
			isa = PBXGroup;
			children = (
				28C4DD3A2052491E00E4EF2F /* DiscoverViewModel.h */,
				28C4DD3B2052491E00E4EF2F /* DiscoverViewModel.m */,
			);
			path = ViewModel;
			sourceTree = "<group>";
		};
		28C4DD3D2052B5A800E4EF2F /* ViewModel */ = {
			isa = PBXGroup;
			children = (
				28C4DD48205766C700E4EF2F /* DynamicViewModel.h */,
				28C4DD49205766C700E4EF2F /* DynamicViewModel.m */,
			);
			path = ViewModel;
			sourceTree = "<group>";
		};
		28C4DD3E2052B5B300E4EF2F /* Service */ = {
			isa = PBXGroup;
			children = (
				28C4DD3F2052B5CF00E4EF2F /* DynamicService.h */,
				28C4DD402052B5CF00E4EF2F /* DynamicService.m */,
			);
			path = Service;
			sourceTree = "<group>";
		};
		28C4DD4B2057866700E4EF2F /* Model */ = {
			isa = PBXGroup;
			children = (
				28C4DD4D2057867300E4EF2F /* HeadModel.h */,
				28C4DD4C2057867300E4EF2F /* HeadModel.m */,
			);
			path = Model;
			sourceTree = "<group>";
		};
		28C4DD552057881C00E4EF2F /* Category */ = {
			isa = PBXGroup;
			children = (
				28C4DD592057882600E4EF2F /* UIColor+Hex.h */,
				28C4DD5B2057882600E4EF2F /* UIColor+Hex.m */,
				28C4DD582057882500E4EF2F /* UIFont+Wisdom.h */,
				28C4DD562057882500E4EF2F /* UIFont+Wisdom.m */,
				28C4DD5A2057882600E4EF2F /* UIView+NJ.h */,
				28C4DD572057882500E4EF2F /* UIView+NJ.m */,
				28C4DD5C2057882700E4EF2F /* UIViewExt.h */,
			);
			path = Category;
			sourceTree = "<group>";
		};
		28C4DD602057884400E4EF2F /* Basic */ = {
			isa = PBXGroup;
			children = (
				28C4DD642057885000E4EF2F /* BasicModel.h */,
				28C4DD632057884E00E4EF2F /* BasicModel.m */,
				28C4DD622057884D00E4EF2F /* BasicTableViewCell.h */,
				28C4DD612057884D00E4EF2F /* BasicTableViewCell.m */,
			);
			path = Basic;
			sourceTree = "<group>";
		};
		28C4DD672057886000E4EF2F /* Other */ = {
			isa = PBXGroup;
			children = (
				28C4DD682057886A00E4EF2F /* Header.h */,
				28C4DD6A2057886B00E4EF2F /* ImageCollCell.h */,
				28C4DD6B2057886B00E4EF2F /* ImageCollCell.m */,
				28C4DD692057886B00E4EF2F /* ManyImageView.h */,
				28C4DD6C2057886C00E4EF2F /* ManyImageView.m */,
				28C4DD6D2057886C00E4EF2F /* NSString+Font.h */,
				28C4DD6E2057886C00E4EF2F /* NSString+Font.m */,
			);
			path = Other;
			sourceTree = "<group>";
		};
		B1AC524E84E5CCFDBD31222A /* Pods */ = {
			isa = PBXGroup;
			children = (
				614AE38BA1A8945B85AE9C37 /* Pods-LFBlog.debug.xcconfig */,
				4E5C8F92F2434978ACF89CD4 /* Pods-LFBlog.release.xcconfig */,
			);
			name = Pods;
			sourceTree = "<group>";
		};
		F2B0DA54EE8862A73296A6EE /* Frameworks */ = {
			isa = PBXGroup;
			children = (
				281AA4A62050D21000A4B657 /* libPods-无限轮播图.a */,
				A5F06CB98B198C02B4B08DED /* Pods_LFBlog.framework */,
			);
			name = Frameworks;
			sourceTree = "<group>";
		};
/* End PBXGroup section */

/* Begin PBXNativeTarget section */
		283546A420479ABD00338B40 /* LFBlog */ = {
			isa = PBXNativeTarget;
			buildConfigurationList = 283546D120479ABD00338B40 /* Build configuration list for PBXNativeTarget "LFBlog" */;
			buildPhases = (
				F9E7CF98EBBCABCC5209D4E0 /* [CP] Check Pods Manifest.lock */,
				283546A120479ABD00338B40 /* Sources */,
				283546A220479ABD00338B40 /* Frameworks */,
				283546A320479ABD00338B40 /* Resources */,
				66BB7FBEB16AEDD6313E2D9F /* [CP] Embed Pods Frameworks */,
				1D3DB8BE8357EED4A5420287 /* [CP] Copy Pods Resources */,
			);
			buildRules = (
			);
			dependencies = (
			);
			name = LFBlog;
			productName = LFBlog;
			productReference = 283546A520479ABD00338B40 /* LFBlog.app */;
			productType = "com.apple.product-type.application";
		};
		283546BC20479ABD00338B40 /* LFBlogTests */ = {
			isa = PBXNativeTarget;
			buildConfigurationList = 283546D420479ABD00338B40 /* Build configuration list for PBXNativeTarget "LFBlogTests" */;
			buildPhases = (
				283546B920479ABD00338B40 /* Sources */,
				283546BA20479ABD00338B40 /* Frameworks */,
				283546BB20479ABD00338B40 /* Resources */,
			);
			buildRules = (
			);
			dependencies = (
				283546BF20479ABD00338B40 /* PBXTargetDependency */,
			);
			name = LFBlogTests;
			productName = LFBlogTests;
			productReference = 283546BD20479ABD00338B40 /* LFBlogTests.xctest */;
			productType = "com.apple.product-type.bundle.unit-test";
		};
		283546C720479ABD00338B40 /* LFBlogUITests */ = {
			isa = PBXNativeTarget;
			buildConfigurationList = 283546D720479ABD00338B40 /* Build configuration list for PBXNativeTarget "LFBlogUITests" */;
			buildPhases = (
				283546C420479ABD00338B40 /* Sources */,
				283546C520479ABD00338B40 /* Frameworks */,
				283546C620479ABD00338B40 /* Resources */,
			);
			buildRules = (
			);
			dependencies = (
				283546CA20479ABD00338B40 /* PBXTargetDependency */,
			);
			name = LFBlogUITests;
			productName = LFBlogUITests;
			productReference = 283546C820479ABD00338B40 /* LFBlogUITests.xctest */;
			productType = "com.apple.product-type.bundle.ui-testing";
		};
/* End PBXNativeTarget section */

/* Begin PBXProject section */
		2835469D20479ABD00338B40 /* Project object */ = {
			isa = PBXProject;
			attributes = {
				LastUpgradeCheck = 0920;
				ORGANIZATIONNAME = "LiFeng Wang";
				TargetAttributes = {
					283546A420479ABD00338B40 = {
						CreatedOnToolsVersion = 9.2;
						LastSwiftMigration = 0920;
						ProvisioningStyle = Automatic;
					};
					283546BC20479ABD00338B40 = {
						CreatedOnToolsVersion = 9.2;
						ProvisioningStyle = Automatic;
						TestTargetID = 283546A420479ABD00338B40;
					};
					283546C720479ABD00338B40 = {
						CreatedOnToolsVersion = 9.2;
						ProvisioningStyle = Automatic;
						TestTargetID = 283546A420479ABD00338B40;
					};
				};
			};
			buildConfigurationList = 283546A020479ABD00338B40 /* Build configuration list for PBXProject "LFBlog" */;
			compatibilityVersion = "Xcode 8.0";
			developmentRegion = en;
			hasScannedForEncodings = 0;
			knownRegions = (
				en,
				Base,
			);
			mainGroup = 2835469C20479ABD00338B40;
			productRefGroup = 283546A620479ABD00338B40 /* Products */;
			projectDirPath = "";
			projectRoot = "";
			targets = (
				283546A420479ABD00338B40 /* LFBlog */,
				283546BC20479ABD00338B40 /* LFBlogTests */,
				283546C720479ABD00338B40 /* LFBlogUITests */,
			);
		};
/* End PBXProject section */

/* Begin PBXResourcesBuildPhase section */
		283546A320479ABD00338B40 /* Resources */ = {
			isa = PBXResourcesBuildPhase;
			buildActionMask = 2147483647;
			files = (
				283546B520479ABD00338B40 /* LaunchScreen.storyboard in Resources */,
				283546B220479ABD00338B40 /* Assets.xcassets in Resources */,
				28AAD2932048E86A00BBA9EC /* README.md in Resources */,
				28AAD28E2048E86A00BBA9EC /* LICENSE in Resources */,
				283546B020479ABD00338B40 /* Main.storyboard in Resources */,
			);
			runOnlyForDeploymentPostprocessing = 0;
		};
		283546BB20479ABD00338B40 /* Resources */ = {
			isa = PBXResourcesBuildPhase;
			buildActionMask = 2147483647;
			files = (
			);
			runOnlyForDeploymentPostprocessing = 0;
		};
		283546C620479ABD00338B40 /* Resources */ = {
			isa = PBXResourcesBuildPhase;
			buildActionMask = 2147483647;
			files = (
			);
			runOnlyForDeploymentPostprocessing = 0;
		};
/* End PBXResourcesBuildPhase section */

/* Begin PBXShellScriptBuildPhase section */
		1D3DB8BE8357EED4A5420287 /* [CP] Copy Pods Resources */ = {
			isa = PBXShellScriptBuildPhase;
			buildActionMask = 2147483647;
			files = (
			);
			inputPaths = (
			);
			name = "[CP] Copy Pods Resources";
			outputPaths = (
			);
			runOnlyForDeploymentPostprocessing = 0;
			shellPath = /bin/sh;
			shellScript = "\"${SRCROOT}/Pods/Target Support Files/Pods-LFBlog/Pods-LFBlog-resources.sh\"\n";
			showEnvVarsInLog = 0;
		};
		66BB7FBEB16AEDD6313E2D9F /* [CP] Embed Pods Frameworks */ = {
			isa = PBXShellScriptBuildPhase;
			buildActionMask = 2147483647;
			files = (
			);
			inputPaths = (
				"${SRCROOT}/Pods/Target Support Files/Pods-LFBlog/Pods-LFBlog-frameworks.sh",
				"${BUILT_PRODUCTS_DIR}/AFNetworking/AFNetworking.framework",
				"${BUILT_PRODUCTS_DIR}/Aspects/Aspects.framework",
				"${BUILT_PRODUCTS_DIR}/BlocksKit/BlocksKit.framework",
				"${BUILT_PRODUCTS_DIR}/JSONKit/JSONKit.framework",
				"${BUILT_PRODUCTS_DIR}/KafkaRefresh/KafkaRefresh.framework",
				"${BUILT_PRODUCTS_DIR}/Masonry/Masonry.framework",
				"${BUILT_PRODUCTS_DIR}/PYSearch/PYSearch.framework",
				"${BUILT_PRODUCTS_DIR}/ReactiveObjC/ReactiveObjC.framework",
				"${BUILT_PRODUCTS_DIR}/SDWebImage/SDWebImage.framework",
				"${BUILT_PRODUCTS_DIR}/TZImagePickerController/TZImagePickerController.framework",
				"${BUILT_PRODUCTS_DIR}/YYKit/YYKit.framework",
			);
			name = "[CP] Embed Pods Frameworks";
			outputPaths = (
				"${TARGET_BUILD_DIR}/${FRAMEWORKS_FOLDER_PATH}/AFNetworking.framework",
				"${TARGET_BUILD_DIR}/${FRAMEWORKS_FOLDER_PATH}/Aspects.framework",
				"${TARGET_BUILD_DIR}/${FRAMEWORKS_FOLDER_PATH}/BlocksKit.framework",
				"${TARGET_BUILD_DIR}/${FRAMEWORKS_FOLDER_PATH}/JSONKit.framework",
				"${TARGET_BUILD_DIR}/${FRAMEWORKS_FOLDER_PATH}/KafkaRefresh.framework",
				"${TARGET_BUILD_DIR}/${FRAMEWORKS_FOLDER_PATH}/Masonry.framework",
				"${TARGET_BUILD_DIR}/${FRAMEWORKS_FOLDER_PATH}/PYSearch.framework",
				"${TARGET_BUILD_DIR}/${FRAMEWORKS_FOLDER_PATH}/ReactiveObjC.framework",
				"${TARGET_BUILD_DIR}/${FRAMEWORKS_FOLDER_PATH}/SDWebImage.framework",
				"${TARGET_BUILD_DIR}/${FRAMEWORKS_FOLDER_PATH}/TZImagePickerController.framework",
				"${TARGET_BUILD_DIR}/${FRAMEWORKS_FOLDER_PATH}/YYKit.framework",
			);
			runOnlyForDeploymentPostprocessing = 0;
			shellPath = /bin/sh;
			shellScript = "\"${SRCROOT}/Pods/Target Support Files/Pods-LFBlog/Pods-LFBlog-frameworks.sh\"\n";
			showEnvVarsInLog = 0;
		};
		F9E7CF98EBBCABCC5209D4E0 /* [CP] Check Pods Manifest.lock */ = {
			isa = PBXShellScriptBuildPhase;
			buildActionMask = 2147483647;
			files = (
			);
			inputPaths = (
				"${PODS_PODFILE_DIR_PATH}/Podfile.lock",
				"${PODS_ROOT}/Manifest.lock",
			);
			name = "[CP] Check Pods Manifest.lock";
			outputPaths = (
				"$(DERIVED_FILE_DIR)/Pods-LFBlog-checkManifestLockResult.txt",
			);
			runOnlyForDeploymentPostprocessing = 0;
			shellPath = /bin/sh;
			shellScript = "diff \"${PODS_PODFILE_DIR_PATH}/Podfile.lock\" \"${PODS_ROOT}/Manifest.lock\" > /dev/null\nif [ $? != 0 ] ; then\n    # print error to STDERR\n    echo \"error: The sandbox is not in sync with the Podfile.lock. Run 'pod install' or update your CocoaPods installation.\" >&2\n    exit 1\nfi\n# This output is used by Xcode 'outputs' to avoid re-running this script phase.\necho \"SUCCESS\" > \"${SCRIPT_OUTPUT_FILE_0}\"\n";
			showEnvVarsInLog = 0;
		};
/* End PBXShellScriptBuildPhase section */

/* Begin PBXSourcesBuildPhase section */
		283546A120479ABD00338B40 /* Sources */ = {
			isa = PBXSourcesBuildPhase;
			buildActionMask = 2147483647;
			files = (
				281AA4A82050D25100A4B657 /* HW3DBannerView.m in Sources */,
				28C4DD412052B5CF00E4EF2F /* DynamicService.m in Sources */,
				281AA4A92050D25100A4B657 /* UIView+Banner.m in Sources */,
				28C4DD4620567C9C00E4EF2F /* Tool.m in Sources */,
				28C4DD3320522F5000E4EF2F /* DiscoverMainViewController.m in Sources */,
				281AA478204EA73600A4B657 /* MeInfoViewController.m in Sources */,
				28AAD29D20492D2500BBA9EC /* InformationDetailViewController.m in Sources */,
				281AA4AD2050F36A00A4B657 /* AddDynamicViewController.m in Sources */,
				28AAD2902048E86A00BBA9EC /* SGPageContentScrollView.m in Sources */,
				283546F82047FBBD00338B40 /* InformationViewModel.m in Sources */,
				28C4DD652057885000E4EF2F /* BasicTableViewCell.m in Sources */,
				28AAD2772048E80200BBA9EC /* PersonalCenterTopView.m in Sources */,
				28C4DD532057880400E4EF2F /* HomeTableCell.m in Sources */,
				2886CFD42057F5E600C699F4 /* SexModityViewController.m in Sources */,
				28C4DD702057886D00E4EF2F /* ManyImageView.m in Sources */,
				28C4DD3C2052491E00E4EF2F /* DiscoverViewModel.m in Sources */,
				28AAD2972049109E00BBA9EC /* MeMainViewController.m in Sources */,
				281AA491204FB24900A4B657 /* CommentDetailViewController.m in Sources */,
				28AAD28F2048E86A00BBA9EC /* UIView+SGFrame.m in Sources */,
				28C4DD4E2057867400E4EF2F /* HeadModel.m in Sources */,
				28AAD27D2048E82D00BBA9EC /* InformationMainViewController.m in Sources */,
				283546ED2047CBA700338B40 /* LFBaseService.m in Sources */,
				2806CFFC204D31BB00A7390B /* LFUser.m in Sources */,
				281AA475204E7FF300A4B657 /* LFHeadImageUtil.m in Sources */,
				28AAD2792048E80200BBA9EC /* PersonalCenterChildBaseVC.m in Sources */,
				28C4DD39205247F500E4EF2F /* DiscoverService.m in Sources */,
				281AA46E204E7C0E00A4B657 /* MeMainService.m in Sources */,
				2886CFD12057CB2C00C699F4 /* NickNameModifyViewController.m in Sources */,
				28C4DD4A205766C700E4EF2F /* DynamicViewModel.m in Sources */,
				28C4DD5F2057882700E4EF2F /* UIColor+Hex.m in Sources */,
				28AAD2912048E86A00BBA9EC /* SGPageContentView.m in Sources */,
				283546E82047BFEA00338B40 /* HttpUtil.m in Sources */,
				281AA471204E7CF400A4B657 /* MeMainViewModel.m in Sources */,
				283546DD2047A1EE00338B40 /* LoginViewController.m in Sources */,
				283546E42047BFB100338B40 /* LoginService.m in Sources */,
				281AA490204FB24900A4B657 /* CommentDetailTableViewCell.m in Sources */,
				28C4DD5D2057882700E4EF2F /* UIFont+Wisdom.m in Sources */,
				281AA462204E546300A4B657 /* UIImage+GaussianBlur.m in Sources */,
				281AA47F204F8ABB00A4B657 /* DynamicMainViewController.m in Sources */,
				281AA466204E61E400A4B657 /* Singleton.m in Sources */,
				28C4DD542057880400E4EF2F /* HomeTableHeadView.m in Sources */,
				28C4DD2F205152DB00E4EF2F /* UINavigationController+CommonTitle.m in Sources */,
				283546AD20479ABD00338B40 /* ViewController.m in Sources */,
				281AA461204E546300A4B657 /* UIImage+Extension.m in Sources */,
				283546FB2047FC9800338B40 /* InformationService.m in Sources */,
				28C4DD712057886D00E4EF2F /* NSString+Font.m in Sources */,
				283546B820479ABD00338B40 /* main.m in Sources */,
				28AAD27A2048E80200BBA9EC /* PersonalCenterTableView.m in Sources */,
				28C4DD6F2057886D00E4EF2F /* ImageCollCell.m in Sources */,
				28C4DD662057885000E4EF2F /* BasicModel.m in Sources */,
				28AAD2922048E86A00BBA9EC /* SGPageTitleView.m in Sources */,
				281AA47B204EAB8800A4B657 /* UserIconViewController.m in Sources */,
				281AA463204E546300A4B657 /* UIView+HZAnimation.m in Sources */,
				283546F12047CF9000338B40 /* LFBaseViewModel.m in Sources */,
				283546E02047A20100338B40 /* LoginViewModel.m in Sources */,
				283546F52047FB9B00338B40 /* InformationViewController.m in Sources */,
				28C4DD4720567C9C00E4EF2F /* EditorViewController.m in Sources */,
				28C4DD5E2057882700E4EF2F /* UIView+NJ.m in Sources */,
				283546AA20479ABD00338B40 /* AppDelegate.m in Sources */,
			);
			runOnlyForDeploymentPostprocessing = 0;
		};
		283546B920479ABD00338B40 /* Sources */ = {
			isa = PBXSourcesBuildPhase;
			buildActionMask = 2147483647;
			files = (
				283546C220479ABD00338B40 /* LFBlogTests.m in Sources */,
			);
			runOnlyForDeploymentPostprocessing = 0;
		};
		283546C420479ABD00338B40 /* Sources */ = {
			isa = PBXSourcesBuildPhase;
			buildActionMask = 2147483647;
			files = (
				283546CD20479ABD00338B40 /* LFBlogUITests.m in Sources */,
			);
			runOnlyForDeploymentPostprocessing = 0;
		};
/* End PBXSourcesBuildPhase section */

/* Begin PBXTargetDependency section */
		283546BF20479ABD00338B40 /* PBXTargetDependency */ = {
			isa = PBXTargetDependency;
			target = 283546A420479ABD00338B40 /* LFBlog */;
			targetProxy = 283546BE20479ABD00338B40 /* PBXContainerItemProxy */;
		};
		283546CA20479ABD00338B40 /* PBXTargetDependency */ = {
			isa = PBXTargetDependency;
			target = 283546A420479ABD00338B40 /* LFBlog */;
			targetProxy = 283546C920479ABD00338B40 /* PBXContainerItemProxy */;
		};
/* End PBXTargetDependency section */

/* Begin PBXVariantGroup section */
		283546AE20479ABD00338B40 /* Main.storyboard */ = {
			isa = PBXVariantGroup;
			children = (
				283546AF20479ABD00338B40 /* Base */,
			);
			name = Main.storyboard;
			sourceTree = "<group>";
		};
		283546B320479ABD00338B40 /* LaunchScreen.storyboard */ = {
			isa = PBXVariantGroup;
			children = (
				283546B420479ABD00338B40 /* Base */,
			);
			name = LaunchScreen.storyboard;
			sourceTree = "<group>";
		};
/* End PBXVariantGroup section */

/* Begin XCBuildConfiguration section */
		283546CF20479ABD00338B40 /* Debug */ = {
			isa = XCBuildConfiguration;
			buildSettings = {
				ALWAYS_SEARCH_USER_PATHS = NO;
				CLANG_ANALYZER_NONNULL = YES;
				CLANG_ANALYZER_NUMBER_OBJECT_CONVERSION = YES_AGGRESSIVE;
				CLANG_CXX_LANGUAGE_STANDARD = "gnu++14";
				CLANG_CXX_LIBRARY = "libc++";
				CLANG_ENABLE_MODULES = YES;
				CLANG_ENABLE_OBJC_ARC = YES;
				CLANG_WARN_BLOCK_CAPTURE_AUTORELEASING = YES;
				CLANG_WARN_BOOL_CONVERSION = YES;
				CLANG_WARN_COMMA = YES;
				CLANG_WARN_CONSTANT_CONVERSION = YES;
				CLANG_WARN_DIRECT_OBJC_ISA_USAGE = YES_ERROR;
				CLANG_WARN_DOCUMENTATION_COMMENTS = YES;
				CLANG_WARN_EMPTY_BODY = YES;
				CLANG_WARN_ENUM_CONVERSION = YES;
				CLANG_WARN_INFINITE_RECURSION = YES;
				CLANG_WARN_INT_CONVERSION = YES;
				CLANG_WARN_NON_LITERAL_NULL_CONVERSION = YES;
				CLANG_WARN_OBJC_LITERAL_CONVERSION = YES;
				CLANG_WARN_OBJC_ROOT_CLASS = YES_ERROR;
				CLANG_WARN_RANGE_LOOP_ANALYSIS = YES;
				CLANG_WARN_STRICT_PROTOTYPES = YES;
				CLANG_WARN_SUSPICIOUS_MOVE = YES;
				CLANG_WARN_UNGUARDED_AVAILABILITY = YES_AGGRESSIVE;
				CLANG_WARN_UNREACHABLE_CODE = YES;
				CLANG_WARN__DUPLICATE_METHOD_MATCH = YES;
				CODE_SIGN_IDENTITY = "iPhone Developer";
				COPY_PHASE_STRIP = NO;
				DEBUG_INFORMATION_FORMAT = dwarf;
				ENABLE_STRICT_OBJC_MSGSEND = YES;
				ENABLE_TESTABILITY = YES;
				GCC_C_LANGUAGE_STANDARD = gnu11;
				GCC_DYNAMIC_NO_PIC = NO;
				GCC_NO_COMMON_BLOCKS = YES;
				GCC_OPTIMIZATION_LEVEL = 0;
				GCC_PREPROCESSOR_DEFINITIONS = (
					"DEBUG=1",
					"$(inherited)",
				);
				GCC_WARN_64_TO_32_BIT_CONVERSION = YES;
				GCC_WARN_ABOUT_RETURN_TYPE = YES_ERROR;
				GCC_WARN_UNDECLARED_SELECTOR = YES;
				GCC_WARN_UNINITIALIZED_AUTOS = YES_AGGRESSIVE;
				GCC_WARN_UNUSED_FUNCTION = YES;
				GCC_WARN_UNUSED_VARIABLE = YES;
				IPHONEOS_DEPLOYMENT_TARGET = 11.2;
				MTL_ENABLE_DEBUG_INFO = YES;
				ONLY_ACTIVE_ARCH = YES;
				SDKROOT = iphoneos;
			};
			name = Debug;
		};
		283546D020479ABD00338B40 /* Release */ = {
			isa = XCBuildConfiguration;
			buildSettings = {
				ALWAYS_SEARCH_USER_PATHS = NO;
				CLANG_ANALYZER_NONNULL = YES;
				CLANG_ANALYZER_NUMBER_OBJECT_CONVERSION = YES_AGGRESSIVE;
				CLANG_CXX_LANGUAGE_STANDARD = "gnu++14";
				CLANG_CXX_LIBRARY = "libc++";
				CLANG_ENABLE_MODULES = YES;
				CLANG_ENABLE_OBJC_ARC = YES;
				CLANG_WARN_BLOCK_CAPTURE_AUTORELEASING = YES;
				CLANG_WARN_BOOL_CONVERSION = YES;
				CLANG_WARN_COMMA = YES;
				CLANG_WARN_CONSTANT_CONVERSION = YES;
				CLANG_WARN_DIRECT_OBJC_ISA_USAGE = YES_ERROR;
				CLANG_WARN_DOCUMENTATION_COMMENTS = YES;
				CLANG_WARN_EMPTY_BODY = YES;
				CLANG_WARN_ENUM_CONVERSION = YES;
				CLANG_WARN_INFINITE_RECURSION = YES;
				CLANG_WARN_INT_CONVERSION = YES;
				CLANG_WARN_NON_LITERAL_NULL_CONVERSION = YES;
				CLANG_WARN_OBJC_LITERAL_CONVERSION = YES;
				CLANG_WARN_OBJC_ROOT_CLASS = YES_ERROR;
				CLANG_WARN_RANGE_LOOP_ANALYSIS = YES;
				CLANG_WARN_STRICT_PROTOTYPES = YES;
				CLANG_WARN_SUSPICIOUS_MOVE = YES;
				CLANG_WARN_UNGUARDED_AVAILABILITY = YES_AGGRESSIVE;
				CLANG_WARN_UNREACHABLE_CODE = YES;
				CLANG_WARN__DUPLICATE_METHOD_MATCH = YES;
				CODE_SIGN_IDENTITY = "iPhone Developer";
				COPY_PHASE_STRIP = NO;
				DEBUG_INFORMATION_FORMAT = "dwarf-with-dsym";
				ENABLE_NS_ASSERTIONS = NO;
				ENABLE_STRICT_OBJC_MSGSEND = YES;
				GCC_C_LANGUAGE_STANDARD = gnu11;
				GCC_NO_COMMON_BLOCKS = YES;
				GCC_WARN_64_TO_32_BIT_CONVERSION = YES;
				GCC_WARN_ABOUT_RETURN_TYPE = YES_ERROR;
				GCC_WARN_UNDECLARED_SELECTOR = YES;
				GCC_WARN_UNINITIALIZED_AUTOS = YES_AGGRESSIVE;
				GCC_WARN_UNUSED_FUNCTION = YES;
				GCC_WARN_UNUSED_VARIABLE = YES;
				IPHONEOS_DEPLOYMENT_TARGET = 11.2;
				MTL_ENABLE_DEBUG_INFO = NO;
				SDKROOT = iphoneos;
				VALIDATE_PRODUCT = YES;
			};
			name = Release;
		};
		283546D220479ABD00338B40 /* Debug */ = {
			isa = XCBuildConfiguration;
			baseConfigurationReference = 614AE38BA1A8945B85AE9C37 /* Pods-LFBlog.debug.xcconfig */;
			buildSettings = {
				ASSETCATALOG_COMPILER_APPICON_NAME = AppIcon;
				ASSETCATALOG_COMPILER_LAUNCHIMAGE_NAME = LaunchImage;
				CLANG_ENABLE_MODULES = YES;
				CODE_SIGN_STYLE = Automatic;
				DEVELOPMENT_TEAM = 2USDXC5L3D;
				GCC_PREFIX_HEADER = "$(SRCROOT)/LFBlog/LFBlog-Prefix.h";
				INFOPLIST_FILE = LFBlog/Info.plist;
				IPHONEOS_DEPLOYMENT_TARGET = 10.0;
				LD_RUNPATH_SEARCH_PATHS = "$(inherited) @executable_path/Frameworks";
				LIBRARY_SEARCH_PATHS = (
					"$(inherited)",
					"$(PROJECT_DIR)",
				);
				PRODUCT_BUNDLE_IDENTIFIER = com.telek.HemsCommunity;
				PRODUCT_NAME = "$(TARGET_NAME)";
				SWIFT_OBJC_BRIDGING_HEADER = "LFBlog/dynamic/ViewController/LFBlog-Bridging-Header.h";
				SWIFT_OPTIMIZATION_LEVEL = "-Onone";
				SWIFT_VERSION = 3.0;
				TARGETED_DEVICE_FAMILY = 1;
				USER_HEADER_SEARCH_PATHS = "$(PODS_ROOT)/**";
			};
			name = Debug;
		};
		283546D320479ABD00338B40 /* Release */ = {
			isa = XCBuildConfiguration;
			baseConfigurationReference = 4E5C8F92F2434978ACF89CD4 /* Pods-LFBlog.release.xcconfig */;
			buildSettings = {
				ASSETCATALOG_COMPILER_APPICON_NAME = AppIcon;
				ASSETCATALOG_COMPILER_LAUNCHIMAGE_NAME = LaunchImage;
				CLANG_ENABLE_MODULES = YES;
				CODE_SIGN_STYLE = Automatic;
				DEVELOPMENT_TEAM = 2USDXC5L3D;
				GCC_PREFIX_HEADER = "$(SRCROOT)/LFBlog/LFBlog-Prefix.h";
				INFOPLIST_FILE = LFBlog/Info.plist;
				IPHONEOS_DEPLOYMENT_TARGET = 10.0;
				LD_RUNPATH_SEARCH_PATHS = "$(inherited) @executable_path/Frameworks";
				LIBRARY_SEARCH_PATHS = (
					"$(inherited)",
					"$(PROJECT_DIR)",
				);
				PRODUCT_BUNDLE_IDENTIFIER = com.telek.HemsCommunity;
				PRODUCT_NAME = "$(TARGET_NAME)";
				SWIFT_OBJC_BRIDGING_HEADER = "LFBlog/dynamic/ViewController/LFBlog-Bridging-Header.h";
				SWIFT_VERSION = 3.0;
				TARGETED_DEVICE_FAMILY = 1;
				USER_HEADER_SEARCH_PATHS = "$(PODS_ROOT)/**";
			};
			name = Release;
		};
		283546D520479ABD00338B40 /* Debug */ = {
			isa = XCBuildConfiguration;
			buildSettings = {
				BUNDLE_LOADER = "$(TEST_HOST)";
				CODE_SIGN_STYLE = Automatic;
				DEVELOPMENT_TEAM = 4ZKHJC95EE;
				INFOPLIST_FILE = LFBlogTests/Info.plist;
				LD_RUNPATH_SEARCH_PATHS = "$(inherited) @executable_path/Frameworks @loader_path/Frameworks";
				PRODUCT_BUNDLE_IDENTIFIER = com.uncle.LFBlogTests;
				PRODUCT_NAME = "$(TARGET_NAME)";
				TARGETED_DEVICE_FAMILY = "1,2";
				TEST_HOST = "$(BUILT_PRODUCTS_DIR)/LFBlog.app/LFBlog";
			};
			name = Debug;
		};
		283546D620479ABD00338B40 /* Release */ = {
			isa = XCBuildConfiguration;
			buildSettings = {
				BUNDLE_LOADER = "$(TEST_HOST)";
				CODE_SIGN_STYLE = Automatic;
				DEVELOPMENT_TEAM = 4ZKHJC95EE;
				INFOPLIST_FILE = LFBlogTests/Info.plist;
				LD_RUNPATH_SEARCH_PATHS = "$(inherited) @executable_path/Frameworks @loader_path/Frameworks";
				PRODUCT_BUNDLE_IDENTIFIER = com.uncle.LFBlogTests;
				PRODUCT_NAME = "$(TARGET_NAME)";
				TARGETED_DEVICE_FAMILY = "1,2";
				TEST_HOST = "$(BUILT_PRODUCTS_DIR)/LFBlog.app/LFBlog";
			};
			name = Release;
		};
		283546D820479ABD00338B40 /* Debug */ = {
			isa = XCBuildConfiguration;
			buildSettings = {
				CODE_SIGN_STYLE = Automatic;
				DEVELOPMENT_TEAM = 4ZKHJC95EE;
				INFOPLIST_FILE = LFBlogUITests/Info.plist;
				LD_RUNPATH_SEARCH_PATHS = "$(inherited) @executable_path/Frameworks @loader_path/Frameworks";
				PRODUCT_BUNDLE_IDENTIFIER = com.uncle.LFBlogUITests;
				PRODUCT_NAME = "$(TARGET_NAME)";
				TARGETED_DEVICE_FAMILY = "1,2";
				TEST_TARGET_NAME = LFBlog;
			};
			name = Debug;
		};
		283546D920479ABD00338B40 /* Release */ = {
			isa = XCBuildConfiguration;
			buildSettings = {
				CODE_SIGN_STYLE = Automatic;
				DEVELOPMENT_TEAM = 4ZKHJC95EE;
				INFOPLIST_FILE = LFBlogUITests/Info.plist;
				LD_RUNPATH_SEARCH_PATHS = "$(inherited) @executable_path/Frameworks @loader_path/Frameworks";
				PRODUCT_BUNDLE_IDENTIFIER = com.uncle.LFBlogUITests;
				PRODUCT_NAME = "$(TARGET_NAME)";
				TARGETED_DEVICE_FAMILY = "1,2";
				TEST_TARGET_NAME = LFBlog;
			};
			name = Release;
		};
/* End XCBuildConfiguration section */

/* Begin XCConfigurationList section */
		283546A020479ABD00338B40 /* Build configuration list for PBXProject "LFBlog" */ = {
			isa = XCConfigurationList;
			buildConfigurations = (
				283546CF20479ABD00338B40 /* Debug */,
				283546D020479ABD00338B40 /* Release */,
			);
			defaultConfigurationIsVisible = 0;
			defaultConfigurationName = Release;
		};
		283546D120479ABD00338B40 /* Build configuration list for PBXNativeTarget "LFBlog" */ = {
			isa = XCConfigurationList;
			buildConfigurations = (
				283546D220479ABD00338B40 /* Debug */,
				283546D320479ABD00338B40 /* Release */,
			);
			defaultConfigurationIsVisible = 0;
			defaultConfigurationName = Release;
		};
		283546D420479ABD00338B40 /* Build configuration list for PBXNativeTarget "LFBlogTests" */ = {
			isa = XCConfigurationList;
			buildConfigurations = (
				283546D520479ABD00338B40 /* Debug */,
				283546D620479ABD00338B40 /* Release */,
			);
			defaultConfigurationIsVisible = 0;
			defaultConfigurationName = Release;
		};
		283546D720479ABD00338B40 /* Build configuration list for PBXNativeTarget "LFBlogUITests" */ = {
			isa = XCConfigurationList;
			buildConfigurations = (
				283546D820479ABD00338B40 /* Debug */,
				283546D920479ABD00338B40 /* Release */,
			);
			defaultConfigurationIsVisible = 0;
			defaultConfigurationName = Release;
		};
/* End XCConfigurationList section */
	};
	rootObject = 2835469D20479ABD00338B40 /* Project object */;
}
